
Microsoft Visual Studio Solution File, Format Version 12.00
# Visual Studio 2013
VisualStudioVersion = 12.0.31101.0
MinimumVisualStudioVersion = 10.0.40219.1
Project("{FAE04EC0-301F-11D3-BF4B-00C04F79EFBC}") = "AccountingServer.Entities", "AccountingServer.Entities\AccountingServer.Entities.csproj", "{7246DEB7-BDA2-49D8-9490-3ED074219106}"
EndProject
Project("{FAE04EC0-301F-11D3-BF4B-00C04F79EFBC}") = "AccountingServer.DAL", "AccountingServer.DAL\AccountingServer.DAL.csproj", "{2CAB5DC7-A5A8-47A4-9D46-BFE2A474BB48}"
EndProject
Project("{FAE04EC0-301F-11D3-BF4B-00C04F79EFBC}") = "AccountingServer.BLL", "AccountingServer.BLL\AccountingServer.BLL.csproj", "{4F938D5A-6B22-4150-A74C-8203FDF1D215}"
EndProject
Project("{FAE04EC0-301F-11D3-BF4B-00C04F79EFBC}") = "AccountingServer", "AccountingServer\AccountingServer.csproj", "{28C2EDB0-CE1E-473E-9CA6-70E29A1408A4}"
EndProject
Project("{FAE04EC0-301F-11D3-BF4B-00C04F79EFBC}") = "AccountingServer.Console", "AccountingServer.Console\AccountingServer.Console.csproj", "{0DDC759F-23DE-4443-A97C-4EDC1C40690C}"
EndProject
Project("{2150E333-8FDC-42A3-9474-1A3956D46DE8}") = "Interface", "Interface", "{A75E43E2-65F1-4826-8B28-D90DDC15777D}"
EndProject
Project("{2150E333-8FDC-42A3-9474-1A3956D46DE8}") = "Middleware", "Middleware", "{13C35141-C1A9-46DB-9ED4-3310DCD021FC}"
EndProject
Project("{2150E333-8FDC-42A3-9474-1A3956D46DE8}") = "Support", "Support", "{CA24295F-3505-43AD-B5EB-E5D95CC7F873}"
EndProject
Project("{2150E333-8FDC-42A3-9474-1A3956D46DE8}") = "Other", "Other", "{A3156D54-41A5-4265-A07B-0E80030A4EE6}"
EndProject
Project("{FAE04EC0-301F-11D3-BF4B-00C04F79EFBC}") = "AccountingServer.QueryGeneration", "AccountingServer.QueryGeneration\AccountingServer.QueryGeneration.csproj", "{FB220E46-AC14-4198-9807-2B9F2FFA0D3F}"
EndProject
Project("{FAE04EC0-301F-11D3-BF4B-00C04F79EFBC}") = "AccountingServer.Plugins.THUInfo", "AccountingServer.Plugins.THUInfo\AccountingServer.Plugins.THUInfo.csproj", "{BD4F3271-7880-4AF3-BB2E-93D8E357D471}"
EndProject
Project("{2150E333-8FDC-42A3-9474-1A3956D46DE8}") = "Plugin", "Plugin", "{376C7C43-2BA3-4177-872E-13053716C8A5}"
EndProject
Project("{FAE04EC0-301F-11D3-BF4B-00C04F79EFBC}") = "AccountingServer.Plugins.Interest", "AccountingServer.Plugins.Interest\AccountingServer.Plugins.Interest.csproj", "{2A6865A5-D37E-406A-A51C-3EF4E8A5C9F4}"
EndProject
Global
	GlobalSection(SolutionConfigurationPlatforms) = preSolution
		Debug|Any CPU = Debug|Any CPU
		Release|Any CPU = Release|Any CPU
	EndGlobalSection
	GlobalSection(ProjectConfigurationPlatforms) = postSolution
		{7246DEB7-BDA2-49D8-9490-3ED074219106}.Debug|Any CPU.ActiveCfg = Debug|Any CPU
		{7246DEB7-BDA2-49D8-9490-3ED074219106}.Debug|Any CPU.Build.0 = Debug|Any CPU
		{7246DEB7-BDA2-49D8-9490-3ED074219106}.Release|Any CPU.ActiveCfg = Release|Any CPU
		{7246DEB7-BDA2-49D8-9490-3ED074219106}.Release|Any CPU.Build.0 = Release|Any CPU
		{2CAB5DC7-A5A8-47A4-9D46-BFE2A474BB48}.Debug|Any CPU.ActiveCfg = Debug|Any CPU
		{2CAB5DC7-A5A8-47A4-9D46-BFE2A474BB48}.Debug|Any CPU.Build.0 = Debug|Any CPU
		{2CAB5DC7-A5A8-47A4-9D46-BFE2A474BB48}.Release|Any CPU.ActiveCfg = Release|Any CPU
		{2CAB5DC7-A5A8-47A4-9D46-BFE2A474BB48}.Release|Any CPU.Build.0 = Release|Any CPU
		{4F938D5A-6B22-4150-A74C-8203FDF1D215}.Debug|Any CPU.ActiveCfg = Debug|Any CPU
		{4F938D5A-6B22-4150-A74C-8203FDF1D215}.Debug|Any CPU.Build.0 = Debug|Any CPU
		{4F938D5A-6B22-4150-A74C-8203FDF1D215}.Release|Any CPU.ActiveCfg = Release|Any CPU
		{4F938D5A-6B22-4150-A74C-8203FDF1D215}.Release|Any CPU.Build.0 = Release|Any CPU
		{28C2EDB0-CE1E-473E-9CA6-70E29A1408A4}.Debug|Any CPU.ActiveCfg = Debug|Any CPU
		{28C2EDB0-CE1E-473E-9CA6-70E29A1408A4}.Debug|Any CPU.Build.0 = Debug|Any CPU
		{28C2EDB0-CE1E-473E-9CA6-70E29A1408A4}.Release|Any CPU.ActiveCfg = Release|Any CPU
		{28C2EDB0-CE1E-473E-9CA6-70E29A1408A4}.Release|Any CPU.Build.0 = Release|Any CPU
		{0DDC759F-23DE-4443-A97C-4EDC1C40690C}.Debug|Any CPU.ActiveCfg = Debug|Any CPU
		{0DDC759F-23DE-4443-A97C-4EDC1C40690C}.Debug|Any CPU.Build.0 = Debug|Any CPU
		{0DDC759F-23DE-4443-A97C-4EDC1C40690C}.Release|Any CPU.ActiveCfg = Release|Any CPU
		{0DDC759F-23DE-4443-A97C-4EDC1C40690C}.Release|Any CPU.Build.0 = Release|Any CPU
		{FB220E46-AC14-4198-9807-2B9F2FFA0D3F}.Debug|Any CPU.ActiveCfg = Debug|Any CPU
		{FB220E46-AC14-4198-9807-2B9F2FFA0D3F}.Release|Any CPU.ActiveCfg = Release|Any CPU
		{FB220E46-AC14-4198-9807-2B9F2FFA0D3F}.Release|Any CPU.Build.0 = Release|Any CPU
		{BD4F3271-7880-4AF3-BB2E-93D8E357D471}.Debug|Any CPU.ActiveCfg = Debug|Any CPU
		{BD4F3271-7880-4AF3-BB2E-93D8E357D471}.Debug|Any CPU.Build.0 = Debug|Any CPU
		{BD4F3271-7880-4AF3-BB2E-93D8E357D471}.Release|Any CPU.ActiveCfg = Release|Any CPU
		{BD4F3271-7880-4AF3-BB2E-93D8E357D471}.Release|Any CPU.Build.0 = Release|Any CPU
		{2A6865A5-D37E-406A-A51C-3EF4E8A5C9F4}.Debug|Any CPU.ActiveCfg = Debug|Any CPU
		{2A6865A5-D37E-406A-A51C-3EF4E8A5C9F4}.Debug|Any CPU.Build.0 = Debug|Any CPU
		{2A6865A5-D37E-406A-A51C-3EF4E8A5C9F4}.Release|Any CPU.ActiveCfg = Release|Any CPU
		{2A6865A5-D37E-406A-A51C-3EF4E8A5C9F4}.Release|Any CPU.Build.0 = Release|Any CPU
	EndGlobalSection
	GlobalSection(SolutionProperties) = preSolution
		HideSolutionNode = FALSE
	EndGlobalSection
	GlobalSection(NestedProjects) = preSolution
		{7246DEB7-BDA2-49D8-9490-3ED074219106} = {A3156D54-41A5-4265-A07B-0E80030A4EE6}
		{2CAB5DC7-A5A8-47A4-9D46-BFE2A474BB48} = {CA24295F-3505-43AD-B5EB-E5D95CC7F873}
		{4F938D5A-6B22-4150-A74C-8203FDF1D215} = {13C35141-C1A9-46DB-9ED4-3310DCD021FC}
		{28C2EDB0-CE1E-473E-9CA6-70E29A1408A4} = {A75E43E2-65F1-4826-8B28-D90DDC15777D}
		{0DDC759F-23DE-4443-A97C-4EDC1C40690C} = {13C35141-C1A9-46DB-9ED4-3310DCD021FC}
		{FB220E46-AC14-4198-9807-2B9F2FFA0D3F} = {A3156D54-41A5-4265-A07B-0E80030A4EE6}
		{BD4F3271-7880-4AF3-BB2E-93D8E357D471} = {376C7C43-2BA3-4177-872E-13053716C8A5}
		{376C7C43-2BA3-4177-872E-13053716C8A5} = {13C35141-C1A9-46DB-9ED4-3310DCD021FC}
		{2A6865A5-D37E-406A-A51C-3EF4E8A5C9F4} = {376C7C43-2BA3-4177-872E-13053716C8A5}
	EndGlobalSection
EndGlobal
